
Microsoft Visual Studio Solution File, Format Version 12.00
# Visual Studio Version 17
VisualStudioVersion = 17.2.32505.173
MinimumVisualStudioVersion = 10.0.40219.1
Project("{FAE04EC0-301F-11D3-BF4B-00C04F79EFBC}") = "CalculateFaculty", "AlgorithmusÜbungenKonsole\CalculateFaculty.csproj", "{FE3902E2-BCC5-48C2-9763-CEACEDF896B1}"
EndProject
Project("{FAE04EC0-301F-11D3-BF4B-00C04F79EFBC}") = "ReturnDifference", "Algorithm2\ReturnDifference.csproj", "{49BC09C0-40A4-44B1-9784-E482BAC1E8B6}"
EndProject
Project("{FAE04EC0-301F-11D3-BF4B-00C04F79EFBC}") = "CheckIf30", "Algorithm3\CheckIf30.csproj", "{2DAD72E1-52AD-4E9F-96C1-5499E2F84009}"
EndProject
Global
	GlobalSection(SolutionConfigurationPlatforms) = preSolution
		Debug|Any CPU = Debug|Any CPU
		Release|Any CPU = Release|Any CPU
	EndGlobalSection
	GlobalSection(ProjectConfigurationPlatforms) = postSolution
		{FE3902E2-BCC5-48C2-9763-CEACEDF896B1}.Debug|Any CPU.ActiveCfg = Debug|Any CPU
		{FE3902E2-BCC5-48C2-9763-CEACEDF896B1}.Debug|Any CPU.Build.0 = Debug|Any CPU
		{FE3902E2-BCC5-48C2-9763-CEACEDF896B1}.Release|Any CPU.ActiveCfg = Release|Any CPU
		{FE3902E2-BCC5-48C2-9763-CEACEDF896B1}.Release|Any CPU.Build.0 = Release|Any CPU
		{49BC09C0-40A4-44B1-9784-E482BAC1E8B6}.Debug|Any CPU.ActiveCfg = Debug|Any CPU
		{49BC09C0-40A4-44B1-9784-E482BAC1E8B6}.Debug|Any CPU.Build.0 = Debug|Any CPU
		{49BC09C0-40A4-44B1-9784-E482BAC1E8B6}.Release|Any CPU.ActiveCfg = Release|Any CPU
		{49BC09C0-40A4-44B1-9784-E482BAC1E8B6}.Release|Any CPU.Build.0 = Release|Any CPU
		{2DAD72E1-52AD-4E9F-96C1-5499E2F84009}.Debug|Any CPU.ActiveCfg = Debug|Any CPU
		{2DAD72E1-52AD-4E9F-96C1-5499E2F84009}.Debug|Any CPU.Build.0 = Debug|Any CPU
		{2DAD72E1-52AD-4E9F-96C1-5499E2F84009}.Release|Any CPU.ActiveCfg = Release|Any CPU
		{2DAD72E1-52AD-4E9F-96C1-5499E2F84009}.Release|Any CPU.Build.0 = Release|Any CPU
	EndGlobalSection
	GlobalSection(SolutionProperties) = preSolution
		HideSolutionNode = FALSE
	EndGlobalSection
	GlobalSection(ExtensibilityGlobals) = postSolution
		SolutionGuid = {234B11D3-F46D-4A41-ACB7-CCDB26ADE49A}
	EndGlobalSection
EndGlobal
